
Microsoft Visual Studio Solution File, Format Version 12.00
# Visual Studio Version 17
VisualStudioVersion = 17.8.34219.65
MinimumVisualStudioVersion = 10.0.40219.1
Project("{9A19103F-16F7-4668-BE54-9A1E7A4F7556}") = "ChannelPayments.NET.Tests", "ChannelPayments.NET.Tests\ChannelPayments.NET.Tests.csproj", "{26B41BCF-7171-46E2-B017-166D02D19B9A}"
EndProject
Project("{9A19103F-16F7-4668-BE54-9A1E7A4F7556}") = "ChannelPayments.NET", "ChannelPayments.NET\ChannelPayments.NET.csproj", "{4D986B49-940E-4F6C-A115-4047E71A6FE7}"
EndProject
Global
	GlobalSection(SolutionConfigurationPlatforms) = preSolution
		Debug|Any CPU = Debug|Any CPU
		Release|Any CPU = Release|Any CPU
	EndGlobalSection
	GlobalSection(ProjectConfigurationPlatforms) = postSolution
		{26B41BCF-7171-46E2-B017-166D02D19B9A}.Debug|Any CPU.ActiveCfg = Debug|Any CPU
		{26B41BCF-7171-46E2-B017-166D02D19B9A}.Debug|Any CPU.Build.0 = Debug|Any CPU
		{26B41BCF-7171-46E2-B017-166D02D19B9A}.Release|Any CPU.ActiveCfg = Release|Any CPU
		{26B41BCF-7171-46E2-B017-166D02D19B9A}.Release|Any CPU.Build.0 = Release|Any CPU
		{4D986B49-940E-4F6C-A115-4047E71A6FE7}.Debug|Any CPU.ActiveCfg = Debug|Any CPU
		{4D986B49-940E-4F6C-A115-4047E71A6FE7}.Debug|Any CPU.Build.0 = Debug|Any CPU
		{4D986B49-940E-4F6C-A115-4047E71A6FE7}.Release|Any CPU.ActiveCfg = Release|Any CPU
		{4D986B49-940E-4F6C-A115-4047E71A6FE7}.Release|Any CPU.Build.0 = Release|Any CPU
	EndGlobalSection
	GlobalSection(SolutionProperties) = preSolution
		HideSolutionNode = FALSE
	EndGlobalSection
	GlobalSection(ExtensibilityGlobals) = postSolution
		SolutionGuid = {39509A64-82D3-492A-8695-28DA2C4C62FA}
	EndGlobalSection
EndGlobal
